
Microsoft Visual Studio Solution File, Format Version 12.00
# Visual Studio Version 16
VisualStudioVersion = 16.0.30907.101
MinimumVisualStudioVersion = 10.0.40219.1
Project("{FAE04EC0-301F-11D3-BF4B-00C04F79EFBC}") = "Tarea8-P3", "Tarea8-P3.csproj", "{3B597391-4D22-4A2F-BE48-29D87F502DAB}"
EndProject
Global
	GlobalSection(SolutionConfigurationPlatforms) = preSolution
		Debug|Any CPU = Debug|Any CPU
		Release|Any CPU = Release|Any CPU
	EndGlobalSection
	GlobalSection(ProjectConfigurationPlatforms) = postSolution
		{3B597391-4D22-4A2F-BE48-29D87F502DAB}.Debug|Any CPU.ActiveCfg = Debug|Any CPU
		{3B597391-4D22-4A2F-BE48-29D87F502DAB}.Debug|Any CPU.Build.0 = Debug|Any CPU
		{3B597391-4D22-4A2F-BE48-29D87F502DAB}.Release|Any CPU.ActiveCfg = Release|Any CPU
		{3B597391-4D22-4A2F-BE48-29D87F502DAB}.Release|Any CPU.Build.0 = Release|Any CPU
	EndGlobalSection
	GlobalSection(SolutionProperties) = preSolution
		HideSolutionNode = FALSE
	EndGlobalSection
	GlobalSection(ExtensibilityGlobals) = postSolution
		SolutionGuid = {92B10203-59D5-4DA3-8983-A58AF459D60E}
	EndGlobalSection
EndGlobal
